// !$*UTF8*$!
{
	archiveVersion = 1;
	classes = {
	};
	objectVersion = 56;
	objects = {

/* Begin PBXBuildFile section */
		C938C7BF2AFADF0A007BB428 /* AppDelegate.swift in Sources */ = {isa = PBXBuildFile; fileRef = C938C7BE2AFADF0A007BB428 /* AppDelegate.swift */; };
		C938C7C82AFADF11007BB428 /* Assets.xcassets in Resources */ = {isa = PBXBuildFile; fileRef = C938C7C72AFADF11007BB428 /* Assets.xcassets */; };
		C938C7CB2AFADF11007BB428 /* LaunchScreen.storyboard in Resources */ = {isa = PBXBuildFile; fileRef = C938C7C92AFADF11007BB428 /* LaunchScreen.storyboard */; };
		C938C7D42AFAE94C007BB428 /* InitialViewController.swift in Sources */ = {isa = PBXBuildFile; fileRef = C938C7D22AFAE94C007BB428 /* InitialViewController.swift */; };
		C938C7D52AFAE94C007BB428 /* InitialViewController.xib in Resources */ = {isa = PBXBuildFile; fileRef = C938C7D32AFAE94C007BB428 /* InitialViewController.xib */; };
		C938C7D82AFAEF2C007BB428 /* SceneDelegate.swift in Sources */ = {isa = PBXBuildFile; fileRef = C938C7D72AFAEF2C007BB428 /* SceneDelegate.swift */; };
		C938C7DB2AFAF196007BB428 /* NetworkManager.swift in Sources */ = {isa = PBXBuildFile; fileRef = C938C7DA2AFAF196007BB428 /* NetworkManager.swift */; };
		C938C7DD2AFAF281007BB428 /* WeatherManager.swift in Sources */ = {isa = PBXBuildFile; fileRef = C938C7DC2AFAF281007BB428 /* WeatherManager.swift */; };
		C938C7DF2AFAF3F1007BB428 /* WeatherData.swift in Sources */ = {isa = PBXBuildFile; fileRef = C938C7DE2AFAF3F1007BB428 /* WeatherData.swift */; };
		C938C7E12AFAF41C007BB428 /* WeatherModel.swift in Sources */ = {isa = PBXBuildFile; fileRef = C938C7E02AFAF41C007BB428 /* WeatherModel.swift */; };
/* End PBXBuildFile section */

/* Begin PBXFileReference section */
		C938C7BB2AFADF0A007BB428 /* vai_chover.app */ = {isa = PBXFileReference; explicitFileType = wrapper.application; includeInIndex = 0; path = vai_chover.app; sourceTree = BUILT_PRODUCTS_DIR; };
		C938C7BE2AFADF0A007BB428 /* AppDelegate.swift */ = {isa = PBXFileReference; lastKnownFileType = sourcecode.swift; path = AppDelegate.swift; sourceTree = "<group>"; };
		C938C7C72AFADF11007BB428 /* Assets.xcassets */ = {isa = PBXFileReference; lastKnownFileType = folder.assetcatalog; path = Assets.xcassets; sourceTree = "<group>"; };
		C938C7CA2AFADF11007BB428 /* Base */ = {isa = PBXFileReference; lastKnownFileType = file.storyboard; name = Base; path = Base.lproj/LaunchScreen.storyboard; sourceTree = "<group>"; };
		C938C7CC2AFADF11007BB428 /* Info.plist */ = {isa = PBXFileReference; lastKnownFileType = text.plist.xml; path = Info.plist; sourceTree = "<group>"; };
		C938C7D22AFAE94C007BB428 /* InitialViewController.swift */ = {isa = PBXFileReference; lastKnownFileType = sourcecode.swift; path = InitialViewController.swift; sourceTree = "<group>"; };
		C938C7D32AFAE94C007BB428 /* InitialViewController.xib */ = {isa = PBXFileReference; lastKnownFileType = file.xib; path = InitialViewController.xib; sourceTree = "<group>"; };
		C938C7D72AFAEF2C007BB428 /* SceneDelegate.swift */ = {isa = PBXFileReference; lastKnownFileType = sourcecode.swift; path = SceneDelegate.swift; sourceTree = "<group>"; };
		C938C7DA2AFAF196007BB428 /* NetworkManager.swift */ = {isa = PBXFileReference; lastKnownFileType = sourcecode.swift; path = NetworkManager.swift; sourceTree = "<group>"; };
		C938C7DC2AFAF281007BB428 /* WeatherManager.swift */ = {isa = PBXFileReference; lastKnownFileType = sourcecode.swift; path = WeatherManager.swift; sourceTree = "<group>"; };
		C938C7DE2AFAF3F1007BB428 /* WeatherData.swift */ = {isa = PBXFileReference; lastKnownFileType = sourcecode.swift; path = WeatherData.swift; sourceTree = "<group>"; };
		C938C7E02AFAF41C007BB428 /* WeatherModel.swift */ = {isa = PBXFileReference; lastKnownFileType = sourcecode.swift; path = WeatherModel.swift; sourceTree = "<group>"; };
/* End PBXFileReference section */

/* Begin PBXFrameworksBuildPhase section */
		C938C7B82AFADF0A007BB428 /* Frameworks */ = {
			isa = PBXFrameworksBuildPhase;
			buildActionMask = 2147483647;
			files = (
			);
			runOnlyForDeploymentPostprocessing = 0;
		};
/* End PBXFrameworksBuildPhase section */

/* Begin PBXGroup section */
		C938C7B22AFADF0A007BB428 = {
			isa = PBXGroup;
			children = (
				C938C7BD2AFADF0A007BB428 /* vai_chover */,
				C938C7BC2AFADF0A007BB428 /* Products */,
			);
			sourceTree = "<group>";
		};
		C938C7BC2AFADF0A007BB428 /* Products */ = {
			isa = PBXGroup;
			children = (
				C938C7BB2AFADF0A007BB428 /* vai_chover.app */,
			);
			name = Products;
			sourceTree = "<group>";
		};
		C938C7BD2AFADF0A007BB428 /* vai_chover */ = {
			isa = PBXGroup;
			children = (
				C938C7D92AFAF16A007BB428 /* Networking */,
				C938C7D62AFAE952007BB428 /* View */,
				C938C7BE2AFADF0A007BB428 /* AppDelegate.swift */,
				C938C7D72AFAEF2C007BB428 /* SceneDelegate.swift */,
				C938C7C72AFADF11007BB428 /* Assets.xcassets */,
				C938C7C92AFADF11007BB428 /* LaunchScreen.storyboard */,
				C938C7CC2AFADF11007BB428 /* Info.plist */,
			);
			path = vai_chover;
			sourceTree = "<group>";
		};
		C938C7D62AFAE952007BB428 /* View */ = {
			isa = PBXGroup;
			children = (
				C938C7D22AFAE94C007BB428 /* InitialViewController.swift */,
				C938C7D32AFAE94C007BB428 /* InitialViewController.xib */,
			);
			path = View;
			sourceTree = "<group>";
		};
		C938C7D92AFAF16A007BB428 /* Networking */ = {
			isa = PBXGroup;
			children = (
				C938C7DA2AFAF196007BB428 /* NetworkManager.swift */,
				C938C7DC2AFAF281007BB428 /* WeatherManager.swift */,
				C938C7DE2AFAF3F1007BB428 /* WeatherData.swift */,
				C938C7E02AFAF41C007BB428 /* WeatherModel.swift */,
			);
			path = Networking;
			sourceTree = "<group>";
		};
/* End PBXGroup section */

/* Begin PBXNativeTarget section */
		C938C7BA2AFADF0A007BB428 /* vai_chover */ = {
			isa = PBXNativeTarget;
			buildConfigurationList = C938C7CF2AFADF11007BB428 /* Build configuration list for PBXNativeTarget "vai_chover" */;
			buildPhases = (
				C938C7B72AFADF0A007BB428 /* Sources */,
				C938C7B82AFADF0A007BB428 /* Frameworks */,
				C938C7B92AFADF0A007BB428 /* Resources */,
			);
			buildRules = (
			);
			dependencies = (
			);
			name = vai_chover;
			productName = vai_chover;
			productReference = C938C7BB2AFADF0A007BB428 /* vai_chover.app */;
			productType = "com.apple.product-type.application";
		};
/* End PBXNativeTarget section */

/* Begin PBXProject section */
		C938C7B32AFADF0A007BB428 /* Project object */ = {
			isa = PBXProject;
			attributes = {
				BuildIndependentTargetsInParallel = 1;
				LastSwiftUpdateCheck = 1420;
				LastUpgradeCheck = 1420;
				TargetAttributes = {
					C938C7BA2AFADF0A007BB428 = {
						CreatedOnToolsVersion = 14.2;
					};
				};
			};
			buildConfigurationList = C938C7B62AFADF0A007BB428 /* Build configuration list for PBXProject "vai_chover" */;
			compatibilityVersion = "Xcode 14.0";
			developmentRegion = en;
			hasScannedForEncodings = 0;
			knownRegions = (
				en,
				Base,
			);
			mainGroup = C938C7B22AFADF0A007BB428;
			productRefGroup = C938C7BC2AFADF0A007BB428 /* Products */;
			projectDirPath = "";
			projectRoot = "";
			targets = (
				C938C7BA2AFADF0A007BB428 /* vai_chover */,
			);
		};
/* End PBXProject section */

/* Begin PBXResourcesBuildPhase section */
		C938C7B92AFADF0A007BB428 /* Resources */ = {
			isa = PBXResourcesBuildPhase;
			buildActionMask = 2147483647;
			files = (
				C938C7CB2AFADF11007BB428 /* LaunchScreen.storyboard in Resources */,
				C938C7C82AFADF11007BB428 /* Assets.xcassets in Resources */,
				C938C7D52AFAE94C007BB428 /* InitialViewController.xib in Resources */,
			);
			runOnlyForDeploymentPostprocessing = 0;
		};
/* End PBXResourcesBuildPhase section */

/* Begin PBXSourcesBuildPhase section */
		C938C7B72AFADF0A007BB428 /* Sources */ = {
			isa = PBXSourcesBuildPhase;
			buildActionMask = 2147483647;
			files = (
				C938C7DB2AFAF196007BB428 /* NetworkManager.swift in Sources */,
				C938C7BF2AFADF0A007BB428 /* AppDelegate.swift in Sources */,
				C938C7DD2AFAF281007BB428 /* WeatherManager.swift in Sources */,
				C938C7E12AFAF41C007BB428 /* WeatherModel.swift in Sources */,
				C938C7D42AFAE94C007BB428 /* InitialViewController.swift in Sources */,
				C938C7DF2AFAF3F1007BB428 /* WeatherData.swift in Sources */,
				C938C7D82AFAEF2C007BB428 /* SceneDelegate.swift in Sources */,
			);
			runOnlyForDeploymentPostprocessing = 0;
		};
/* End PBXSourcesBuildPhase section */

/* Begin PBXVariantGroup section */
		C938C7C92AFADF11007BB428 /* LaunchScreen.storyboard */ = {
			isa = PBXVariantGroup;
			children = (
				C938C7CA2AFADF11007BB428 /* Base */,
			);
			name = LaunchScreen.storyboard;
			sourceTree = "<group>";
		};
/* End PBXVariantGroup section */

/* Begin XCBuildConfiguration section */
		C938C7CD2AFADF11007BB428 /* Debug */ = {
			isa = XCBuildConfiguration;
			buildSettings = {
				ALWAYS_SEARCH_USER_PATHS = NO;
				CLANG_ANALYZER_NONNULL = YES;
				CLANG_ANALYZER_NUMBER_OBJECT_CONVERSION = YES_AGGRESSIVE;
				CLANG_CXX_LANGUAGE_STANDARD = "gnu++20";
				CLANG_ENABLE_MODULES = YES;
				CLANG_ENABLE_OBJC_ARC = YES;
				CLANG_ENABLE_OBJC_WEAK = YES;
				CLANG_WARN_BLOCK_CAPTURE_AUTORELEASING = YES;
				CLANG_WARN_BOOL_CONVERSION = YES;
				CLANG_WARN_COMMA = YES;
				CLANG_WARN_CONSTANT_CONVERSION = YES;
				CLANG_WARN_DEPRECATED_OBJC_IMPLEMENTATIONS = YES;
				CLANG_WARN_DIRECT_OBJC_ISA_USAGE = YES_ERROR;
				CLANG_WARN_DOCUMENTATION_COMMENTS = YES;
				CLANG_WARN_EMPTY_BODY = YES;
				CLANG_WARN_ENUM_CONVERSION = YES;
				CLANG_WARN_INFINITE_RECURSION = YES;
				CLANG_WARN_INT_CONVERSION = YES;
				CLANG_WARN_NON_LITERAL_NULL_CONVERSION = YES;
				CLANG_WARN_OBJC_IMPLICIT_RETAIN_SELF = YES;
				CLANG_WARN_OBJC_LITERAL_CONVERSION = YES;
				CLANG_WARN_OBJC_ROOT_CLASS = YES_ERROR;
				CLANG_WARN_QUOTED_INCLUDE_IN_FRAMEWORK_HEADER = YES;
				CLANG_WARN_RANGE_LOOP_ANALYSIS = YES;
				CLANG_WARN_STRICT_PROTOTYPES = YES;
				CLANG_WARN_SUSPICIOUS_MOVE = YES;
				CLANG_WARN_UNGUARDED_AVAILABILITY = YES_AGGRESSIVE;
				CLANG_WARN_UNREACHABLE_CODE = YES;
				CLANG_WARN__DUPLICATE_METHOD_MATCH = YES;
				COPY_PHASE_STRIP = NO;
				DEBUG_INFORMATION_FORMAT = dwarf;
				ENABLE_STRICT_OBJC_MSGSEND = YES;
				ENABLE_TESTABILITY = YES;
				GCC_C_LANGUAGE_STANDARD = gnu11;
				GCC_DYNAMIC_NO_PIC = NO;
				GCC_NO_COMMON_BLOCKS = YES;
				GCC_OPTIMIZATION_LEVEL = 0;
				GCC_PREPROCESSOR_DEFINITIONS = (
					"DEBUG=1",
					"$(inherited)",
				);
				GCC_WARN_64_TO_32_BIT_CONVERSION = YES;
				GCC_WARN_ABOUT_RETURN_TYPE = YES_ERROR;
				GCC_WARN_UNDECLARED_SELECTOR = YES;
				GCC_WARN_UNINITIALIZED_AUTOS = YES_AGGRESSIVE;
				GCC_WARN_UNUSED_FUNCTION = YES;
				GCC_WARN_UNUSED_VARIABLE = YES;
				IPHONEOS_DEPLOYMENT_TARGET = 14.0;
				MTL_ENABLE_DEBUG_INFO = INCLUDE_SOURCE;
				MTL_FAST_MATH = YES;
				ONLY_ACTIVE_ARCH = YES;
				SDKROOT = iphoneos;
				SWIFT_ACTIVE_COMPILATION_CONDITIONS = DEBUG;
				SWIFT_OPTIMIZATION_LEVEL = "-Onone";
			};
			name = Debug;
		};
		C938C7CE2AFADF11007BB428 /* Release */ = {
			isa = XCBuildConfiguration;
			buildSettings = {
				ALWAYS_SEARCH_USER_PATHS = NO;
				CLANG_ANALYZER_NONNULL = YES;
				CLANG_ANALYZER_NUMBER_OBJECT_CONVERSION = YES_AGGRESSIVE;
				CLANG_CXX_LANGUAGE_STANDARD = "gnu++20";
				CLANG_ENABLE_MODULES = YES;
				CLANG_ENABLE_OBJC_ARC = YES;
				CLANG_ENABLE_OBJC_WEAK = YES;
				CLANG_WARN_BLOCK_CAPTURE_AUTORELEASING = YES;
				CLANG_WARN_BOOL_CONVERSION = YES;
				CLANG_WARN_COMMA = YES;
				CLANG_WARN_CONSTANT_CONVERSION = YES;
				CLANG_WARN_DEPRECATED_OBJC_IMPLEMENTATIONS = YES;
				CLANG_WARN_DIRECT_OBJC_ISA_USAGE = YES_ERROR;
				CLANG_WARN_DOCUMENTATION_COMMENTS = YES;
				CLANG_WARN_EMPTY_BODY = YES;
				CLANG_WARN_ENUM_CONVERSION = YES;
				CLANG_WARN_INFINITE_RECURSION = YES;
				CLANG_WARN_INT_CONVERSION = YES;
				CLANG_WARN_NON_LITERAL_NULL_CONVERSION = YES;
				CLANG_WARN_OBJC_IMPLICIT_RETAIN_SELF = YES;
				CLANG_WARN_OBJC_LITERAL_CONVERSION = YES;
				CLANG_WARN_OBJC_ROOT_CLASS = YES_ERROR;
				CLANG_WARN_QUOTED_INCLUDE_IN_FRAMEWORK_HEADER = YES;
				CLANG_WARN_RANGE_LOOP_ANALYSIS = YES;
				CLANG_WARN_STRICT_PROTOTYPES = YES;
				CLANG_WARN_SUSPICIOUS_MOVE = YES;
				CLANG_WARN_UNGUARDED_AVAILABILITY = YES_AGGRESSIVE;
				CLANG_WARN_UNREACHABLE_CODE = YES;
				CLANG_WARN__DUPLICATE_METHOD_MATCH = YES;
				COPY_PHASE_STRIP = NO;
				DEBUG_INFORMATION_FORMAT = "dwarf-with-dsym";
				ENABLE_NS_ASSERTIONS = NO;
				ENABLE_STRICT_OBJC_MSGSEND = YES;
				GCC_C_LANGUAGE_STANDARD = gnu11;
				GCC_NO_COMMON_BLOCKS = YES;
				GCC_WARN_64_TO_32_BIT_CONVERSION = YES;
				GCC_WARN_ABOUT_RETURN_TYPE = YES_ERROR;
				GCC_WARN_UNDECLARED_SELECTOR = YES;
				GCC_WARN_UNINITIALIZED_AUTOS = YES_AGGRESSIVE;
				GCC_WARN_UNUSED_FUNCTION = YES;
				GCC_WARN_UNUSED_VARIABLE = YES;
				IPHONEOS_DEPLOYMENT_TARGET = 14.0;
				MTL_ENABLE_DEBUG_INFO = NO;
				MTL_FAST_MATH = YES;
				SDKROOT = iphoneos;
				SWIFT_COMPILATION_MODE = wholemodule;
				SWIFT_OPTIMIZATION_LEVEL = "-O";
				VALIDATE_PRODUCT = YES;
			};
			name = Release;
		};
		C938C7D02AFADF11007BB428 /* Debug */ = {
			isa = XCBuildConfiguration;
			buildSettings = {
				ASSETCATALOG_COMPILER_APPICON_NAME = AppIcon;
				ASSETCATALOG_COMPILER_GLOBAL_ACCENT_COLOR_NAME = AccentColor;
				CODE_SIGN_STYLE = Automatic;
				CURRENT_PROJECT_VERSION = 1;
				DEVELOPMENT_TEAM = 5G3XZ9RDVZ;
				GENERATE_INFOPLIST_FILE = YES;
				INFOPLIST_FILE = vai_chover/Info.plist;
				INFOPLIST_KEY_LSApplicationCategoryType = "public.app-category.utilities";
				INFOPLIST_KEY_NSLocationWhenInUseUsageDescription = "Desejamos usar sua localização para retornar informações.";
				INFOPLIST_KEY_UIApplicationSupportsIndirectInputEvents = YES;
				INFOPLIST_KEY_UILaunchStoryboardName = LaunchScreen;
				INFOPLIST_KEY_UIStatusBarStyle = "";
				INFOPLIST_KEY_UISupportedInterfaceOrientations_iPad = "UIInterfaceOrientationPortrait UIInterfaceOrientationPortraitUpsideDown UIInterfaceOrientationLandscapeLeft UIInterfaceOrientationLandscapeRight";
				INFOPLIST_KEY_UISupportedInterfaceOrientations_iPhone = "UIInterfaceOrientationPortrait UIInterfaceOrientationLandscapeLeft UIInterfaceOrientationLandscapeRight";
				IPHONEOS_DEPLOYMENT_TARGET = 13.0;
				LD_RUNPATH_SEARCH_PATHS = (
					"$(inherited)",
					"@executable_path/Frameworks",
				);
				MARKETING_VERSION = 1.0;
				PRODUCT_BUNDLE_IDENTIFIER = "com.marcylene.vai-chover";
				PRODUCT_NAME = "$(TARGET_NAME)";
				SUPPORTED_PLATFORMS = "iphoneos iphonesimulator";
				SUPPORTS_MACCATALYST = NO;
				SUPPORTS_MAC_DESIGNED_FOR_IPHONE_IPAD = NO;
				SWIFT_EMIT_LOC_STRINGS = YES;
				SWIFT_VERSION = 5.0;
				TARGETED_DEVICE_FAMILY = "1,2";
			};
			name = Debug;
		};
		C938C7D12AFADF11007BB428 /* Release */ = {
			isa = XCBuildConfiguration;
			buildSettings = {
				ASSETCATALOG_COMPILER_APPICON_NAME = AppIcon;
				ASSETCATALOG_COMPILER_GLOBAL_ACCENT_COLOR_NAME = AccentColor;
				CODE_SIGN_STYLE = Automatic;
				CURRENT_PROJECT_VERSION = 1;
				DEVELOPMENT_TEAM = 5G3XZ9RDVZ;
				GENERATE_INFOPLIST_FILE = YES;
				INFOPLIST_FILE = vai_chover/Info.plist;
				INFOPLIST_KEY_LSApplicationCategoryType = "public.app-category.utilities";
				INFOPLIST_KEY_NSLocationWhenInUseUsageDescription = "Desejamos usar sua localização para retornar informações.";
				INFOPLIST_KEY_UIApplicationSupportsIndirectInputEvents = YES;
				INFOPLIST_KEY_UILaunchStoryboardName = LaunchScreen;
				INFOPLIST_KEY_UIStatusBarStyle = "";
				INFOPLIST_KEY_UISupportedInterfaceOrientations_iPad = "UIInterfaceOrientationPortrait UIInterfaceOrientationPortraitUpsideDown UIInterfaceOrientationLandscapeLeft UIInterfaceOrientationLandscapeRight";
				INFOPLIST_KEY_UISupportedInterfaceOrientations_iPhone = "UIInterfaceOrientationPortrait UIInterfaceOrientationLandscapeLeft UIInterfaceOrientationLandscapeRight";
				IPHONEOS_DEPLOYMENT_TARGET = 13.0;
				LD_RUNPATH_SEARCH_PATHS = (
					"$(inherited)",
					"@executable_path/Frameworks",
				);
				MARKETING_VERSION = 1.0;
				PRODUCT_BUNDLE_IDENTIFIER = "com.marcylene.vai-chover";
				PRODUCT_NAME = "$(TARGET_NAME)";
				SUPPORTED_PLATFORMS = "iphoneos iphonesimulator";
				SUPPORTS_MACCATALYST = NO;
				SUPPORTS_MAC_DESIGNED_FOR_IPHONE_IPAD = NO;
				SWIFT_EMIT_LOC_STRINGS = YES;
				SWIFT_VERSION = 5.0;
				TARGETED_DEVICE_FAMILY = "1,2";
			};
			name = Release;
		};
/* End XCBuildConfiguration section */

/* Begin XCConfigurationList section */
		C938C7B62AFADF0A007BB428 /* Build configuration list for PBXProject "vai_chover" */ = {
			isa = XCConfigurationList;
			buildConfigurations = (
				C938C7CD2AFADF11007BB428 /* Debug */,
				C938C7CE2AFADF11007BB428 /* Release */,
			);
			defaultConfigurationIsVisible = 0;
			defaultConfigurationName = Release;
		};
		C938C7CF2AFADF11007BB428 /* Build configuration list for PBXNativeTarget "vai_chover" */ = {
			isa = XCConfigurationList;
			buildConfigurations = (
				C938C7D02AFADF11007BB428 /* Debug */,
				C938C7D12AFADF11007BB428 /* Release */,
			);
			defaultConfigurationIsVisible = 0;
			defaultConfigurationName = Release;
		};
/* End XCConfigurationList section */
	};
	rootObject = C938C7B32AFADF0A007BB428 /* Project object */;
}
