// !$*UTF8*$!
{
	archiveVersion = 1;
	classes = {
	};
	objectVersion = 56;
	objects = {

/* Begin PBXBuildFile section */
		C94BC2C02B128EC700A9D03E /* Moya in Frameworks */ = {isa = PBXBuildFile; productRef = C94BC2BF2B128EC700A9D03E /* Moya */; };
		C94BC2C22B12979F00A9D03E /* WeatherViewModel.swift in Sources */ = {isa = PBXBuildFile; fileRef = C94BC2C12B12979F00A9D03E /* WeatherViewModel.swift */; };
		C94BC2C42B1297F600A9D03E /* WeatherResponse.swift in Sources */ = {isa = PBXBuildFile; fileRef = C94BC2C32B1297F600A9D03E /* WeatherResponse.swift */; };
		C94BC2C62B12BC9F00A9D03E /* Extension.swift in Sources */ = {isa = PBXBuildFile; fileRef = C94BC2C52B12BC9F00A9D03E /* Extension.swift */; };
		C94BC2C82B12C9CA00A9D03E /* WeatherService.swift in Sources */ = {isa = PBXBuildFile; fileRef = C94BC2C72B12C9CA00A9D03E /* WeatherService.swift */; };
		C976ADD42B13BDCF008983E6 /* BackgroundView.swift in Sources */ = {isa = PBXBuildFile; fileRef = C976ADD32B13BDCF008983E6 /* BackgroundView.swift */; };
		C976ADD72B13DC08008983E6 /* HeaderView.swift in Sources */ = {isa = PBXBuildFile; fileRef = C976ADD62B13DC08008983E6 /* HeaderView.swift */; };
		C9DCC4B52B14B986004EC787 /* CustomTheme.swift in Sources */ = {isa = PBXBuildFile; fileRef = C9DCC4B42B14B986004EC787 /* CustomTheme.swift */; };
		C9DCC4B72B14D88B004EC787 /* LocationDelegate.swift in Sources */ = {isa = PBXBuildFile; fileRef = C9DCC4B62B14D88B004EC787 /* LocationDelegate.swift */; };
		C9FF4A742B0BD4BF00A50FE6 /* vai_choverApp.swift in Sources */ = {isa = PBXBuildFile; fileRef = C9FF4A732B0BD4BF00A50FE6 /* vai_choverApp.swift */; };
		C9FF4A762B0BD4BF00A50FE6 /* ContentView.swift in Sources */ = {isa = PBXBuildFile; fileRef = C9FF4A752B0BD4BF00A50FE6 /* ContentView.swift */; };
		C9FF4A782B0BD4C500A50FE6 /* Assets.xcassets in Resources */ = {isa = PBXBuildFile; fileRef = C9FF4A772B0BD4C500A50FE6 /* Assets.xcassets */; };
		C9FF4A7B2B0BD4C500A50FE6 /* Preview Assets.xcassets in Resources */ = {isa = PBXBuildFile; fileRef = C9FF4A7A2B0BD4C500A50FE6 /* Preview Assets.xcassets */; };
		C9FF4A822B0BF81100A50FE6 /* WeatherAPI.swift in Sources */ = {isa = PBXBuildFile; fileRef = C9FF4A812B0BF81100A50FE6 /* WeatherAPI.swift */; };
/* End PBXBuildFile section */

/* Begin PBXFileReference section */
		C94BC2C12B12979F00A9D03E /* WeatherViewModel.swift */ = {isa = PBXFileReference; lastKnownFileType = sourcecode.swift; path = WeatherViewModel.swift; sourceTree = "<group>"; };
		C94BC2C32B1297F600A9D03E /* WeatherResponse.swift */ = {isa = PBXFileReference; lastKnownFileType = sourcecode.swift; path = WeatherResponse.swift; sourceTree = "<group>"; };
		C94BC2C52B12BC9F00A9D03E /* Extension.swift */ = {isa = PBXFileReference; lastKnownFileType = sourcecode.swift; path = Extension.swift; sourceTree = "<group>"; };
		C94BC2C72B12C9CA00A9D03E /* WeatherService.swift */ = {isa = PBXFileReference; lastKnownFileType = sourcecode.swift; path = WeatherService.swift; sourceTree = "<group>"; };
		C976ADD32B13BDCF008983E6 /* BackgroundView.swift */ = {isa = PBXFileReference; lastKnownFileType = sourcecode.swift; path = BackgroundView.swift; sourceTree = "<group>"; };
		C976ADD62B13DC08008983E6 /* HeaderView.swift */ = {isa = PBXFileReference; lastKnownFileType = sourcecode.swift; path = HeaderView.swift; sourceTree = "<group>"; };
		C9DCC4B42B14B986004EC787 /* CustomTheme.swift */ = {isa = PBXFileReference; lastKnownFileType = sourcecode.swift; path = CustomTheme.swift; sourceTree = "<group>"; };
		C9DCC4B62B14D88B004EC787 /* LocationDelegate.swift */ = {isa = PBXFileReference; lastKnownFileType = sourcecode.swift; path = LocationDelegate.swift; sourceTree = "<group>"; };
		C9FF4A702B0BD4BF00A50FE6 /* vai_chover.app */ = {isa = PBXFileReference; explicitFileType = wrapper.application; includeInIndex = 0; path = vai_chover.app; sourceTree = BUILT_PRODUCTS_DIR; };
		C9FF4A732B0BD4BF00A50FE6 /* vai_choverApp.swift */ = {isa = PBXFileReference; lastKnownFileType = sourcecode.swift; path = vai_choverApp.swift; sourceTree = "<group>"; };
		C9FF4A752B0BD4BF00A50FE6 /* ContentView.swift */ = {isa = PBXFileReference; lastKnownFileType = sourcecode.swift; path = ContentView.swift; sourceTree = "<group>"; };
		C9FF4A772B0BD4C500A50FE6 /* Assets.xcassets */ = {isa = PBXFileReference; lastKnownFileType = folder.assetcatalog; path = Assets.xcassets; sourceTree = "<group>"; };
		C9FF4A7A2B0BD4C500A50FE6 /* Preview Assets.xcassets */ = {isa = PBXFileReference; lastKnownFileType = folder.assetcatalog; path = "Preview Assets.xcassets"; sourceTree = "<group>"; };
		C9FF4A812B0BF81100A50FE6 /* WeatherAPI.swift */ = {isa = PBXFileReference; lastKnownFileType = sourcecode.swift; path = WeatherAPI.swift; sourceTree = "<group>"; };
/* End PBXFileReference section */

/* Begin PBXFrameworksBuildPhase section */
		C9FF4A6D2B0BD4BF00A50FE6 /* Frameworks */ = {
			isa = PBXFrameworksBuildPhase;
			buildActionMask = 2147483647;
			files = (
				C94BC2C02B128EC700A9D03E /* Moya in Frameworks */,
			);
			runOnlyForDeploymentPostprocessing = 0;
		};
/* End PBXFrameworksBuildPhase section */

/* Begin PBXGroup section */
		C976ADD52B13DBEC008983E6 /* View */ = {
			isa = PBXGroup;
			children = (
				C94BC2C12B12979F00A9D03E /* WeatherViewModel.swift */,
				C976ADD62B13DC08008983E6 /* HeaderView.swift */,
				C9FF4A752B0BD4BF00A50FE6 /* ContentView.swift */,
			);
			path = View;
			sourceTree = "<group>";
		};
		C9DCC4B32B14B966004EC787 /* Helpers */ = {
			isa = PBXGroup;
			children = (
				C94BC2C52B12BC9F00A9D03E /* Extension.swift */,
				C976ADD32B13BDCF008983E6 /* BackgroundView.swift */,
				C9DCC4B42B14B986004EC787 /* CustomTheme.swift */,
				C9DCC4B62B14D88B004EC787 /* LocationDelegate.swift */,
			);
			path = Helpers;
			sourceTree = "<group>";
		};
		C9DCC4B82B14D9FC004EC787 /* Manager */ = {
			isa = PBXGroup;
			children = (
				C94BC2C72B12C9CA00A9D03E /* WeatherService.swift */,
				C9FF4A812B0BF81100A50FE6 /* WeatherAPI.swift */,
			);
			path = Manager;
			sourceTree = "<group>";
		};
		C9DCC4B92B14DA13004EC787 /* Model */ = {
			isa = PBXGroup;
			children = (
				C94BC2C32B1297F600A9D03E /* WeatherResponse.swift */,
			);
			path = Model;
			sourceTree = "<group>";
		};
		C9FF4A672B0BD4BF00A50FE6 = {
			isa = PBXGroup;
			children = (
				C9FF4A722B0BD4BF00A50FE6 /* vai_chover */,
				C9FF4A712B0BD4BF00A50FE6 /* Products */,
			);
			sourceTree = "<group>";
		};
		C9FF4A712B0BD4BF00A50FE6 /* Products */ = {
			isa = PBXGroup;
			children = (
				C9FF4A702B0BD4BF00A50FE6 /* vai_chover.app */,
			);
			name = Products;
			sourceTree = "<group>";
		};
		C9FF4A722B0BD4BF00A50FE6 /* vai_chover */ = {
			isa = PBXGroup;
			children = (
				C9FF4A732B0BD4BF00A50FE6 /* vai_choverApp.swift */,
				C9DCC4B32B14B966004EC787 /* Helpers */,
				C976ADD52B13DBEC008983E6 /* View */,
				C9DCC4B82B14D9FC004EC787 /* Manager */,
				C9DCC4B92B14DA13004EC787 /* Model */,
				C9FF4A772B0BD4C500A50FE6 /* Assets.xcassets */,
				C9FF4A792B0BD4C500A50FE6 /* Preview Content */,
			);
			path = vai_chover;
			sourceTree = "<group>";
		};
		C9FF4A792B0BD4C500A50FE6 /* Preview Content */ = {
			isa = PBXGroup;
			children = (
				C9FF4A7A2B0BD4C500A50FE6 /* Preview Assets.xcassets */,
			);
			path = "Preview Content";
			sourceTree = "<group>";
		};
/* End PBXGroup section */

/* Begin PBXNativeTarget section */
		C9FF4A6F2B0BD4BF00A50FE6 /* vai_chover */ = {
			isa = PBXNativeTarget;
			buildConfigurationList = C9FF4A7E2B0BD4C500A50FE6 /* Build configuration list for PBXNativeTarget "vai_chover" */;
			buildPhases = (
				C9FF4A6C2B0BD4BF00A50FE6 /* Sources */,
				C9FF4A6D2B0BD4BF00A50FE6 /* Frameworks */,
				C9FF4A6E2B0BD4BF00A50FE6 /* Resources */,
			);
			buildRules = (
			);
			dependencies = (
			);
			name = vai_chover;
			packageProductDependencies = (
				C94BC2BF2B128EC700A9D03E /* Moya */,
			);
			productName = vai_chover;
			productReference = C9FF4A702B0BD4BF00A50FE6 /* vai_chover.app */;
			productType = "com.apple.product-type.application";
		};
/* End PBXNativeTarget section */

/* Begin PBXProject section */
		C9FF4A682B0BD4BF00A50FE6 /* Project object */ = {
			isa = PBXProject;
			attributes = {
				BuildIndependentTargetsInParallel = 1;
				LastSwiftUpdateCheck = 1420;
				LastUpgradeCheck = 1420;
				TargetAttributes = {
					C9FF4A6F2B0BD4BF00A50FE6 = {
						CreatedOnToolsVersion = 14.2;
					};
				};
			};
			buildConfigurationList = C9FF4A6B2B0BD4BF00A50FE6 /* Build configuration list for PBXProject "vai_chover" */;
			compatibilityVersion = "Xcode 14.0";
			developmentRegion = en;
			hasScannedForEncodings = 0;
			knownRegions = (
				en,
				Base,
			);
			mainGroup = C9FF4A672B0BD4BF00A50FE6;
			packageReferences = (
				C94BC2BE2B128EC700A9D03E /* XCRemoteSwiftPackageReference "Moya" */,
			);
			productRefGroup = C9FF4A712B0BD4BF00A50FE6 /* Products */;
			projectDirPath = "";
			projectRoot = "";
			targets = (
				C9FF4A6F2B0BD4BF00A50FE6 /* vai_chover */,
			);
		};
/* End PBXProject section */

/* Begin PBXResourcesBuildPhase section */
		C9FF4A6E2B0BD4BF00A50FE6 /* Resources */ = {
			isa = PBXResourcesBuildPhase;
			buildActionMask = 2147483647;
			files = (
				C9FF4A7B2B0BD4C500A50FE6 /* Preview Assets.xcassets in Resources */,
				C9FF4A782B0BD4C500A50FE6 /* Assets.xcassets in Resources */,
			);
			runOnlyForDeploymentPostprocessing = 0;
		};
/* End PBXResourcesBuildPhase section */

/* Begin PBXSourcesBuildPhase section */
		C9FF4A6C2B0BD4BF00A50FE6 /* Sources */ = {
			isa = PBXSourcesBuildPhase;
			buildActionMask = 2147483647;
			files = (
				C9DCC4B52B14B986004EC787 /* CustomTheme.swift in Sources */,
				C9FF4A822B0BF81100A50FE6 /* WeatherAPI.swift in Sources */,
				C976ADD72B13DC08008983E6 /* HeaderView.swift in Sources */,
				C94BC2C42B1297F600A9D03E /* WeatherResponse.swift in Sources */,
				C976ADD42B13BDCF008983E6 /* BackgroundView.swift in Sources */,
				C94BC2C22B12979F00A9D03E /* WeatherViewModel.swift in Sources */,
				C94BC2C62B12BC9F00A9D03E /* Extension.swift in Sources */,
				C9FF4A762B0BD4BF00A50FE6 /* ContentView.swift in Sources */,
				C9FF4A742B0BD4BF00A50FE6 /* vai_choverApp.swift in Sources */,
				C9DCC4B72B14D88B004EC787 /* LocationDelegate.swift in Sources */,
				C94BC2C82B12C9CA00A9D03E /* WeatherService.swift in Sources */,
			);
			runOnlyForDeploymentPostprocessing = 0;
		};
/* End PBXSourcesBuildPhase section */

/* Begin XCBuildConfiguration section */
		C9FF4A7C2B0BD4C500A50FE6 /* Debug */ = {
			isa = XCBuildConfiguration;
			buildSettings = {
				ALWAYS_SEARCH_USER_PATHS = NO;
				CLANG_ANALYZER_NONNULL = YES;
				CLANG_ANALYZER_NUMBER_OBJECT_CONVERSION = YES_AGGRESSIVE;
				CLANG_CXX_LANGUAGE_STANDARD = "gnu++20";
				CLANG_ENABLE_MODULES = YES;
				CLANG_ENABLE_OBJC_ARC = YES;
				CLANG_ENABLE_OBJC_WEAK = YES;
				CLANG_WARN_BLOCK_CAPTURE_AUTORELEASING = YES;
				CLANG_WARN_BOOL_CONVERSION = YES;
				CLANG_WARN_COMMA = YES;
				CLANG_WARN_CONSTANT_CONVERSION = YES;
				CLANG_WARN_DEPRECATED_OBJC_IMPLEMENTATIONS = YES;
				CLANG_WARN_DIRECT_OBJC_ISA_USAGE = YES_ERROR;
				CLANG_WARN_DOCUMENTATION_COMMENTS = YES;
				CLANG_WARN_EMPTY_BODY = YES;
				CLANG_WARN_ENUM_CONVERSION = YES;
				CLANG_WARN_INFINITE_RECURSION = YES;
				CLANG_WARN_INT_CONVERSION = YES;
				CLANG_WARN_NON_LITERAL_NULL_CONVERSION = YES;
				CLANG_WARN_OBJC_IMPLICIT_RETAIN_SELF = YES;
				CLANG_WARN_OBJC_LITERAL_CONVERSION = YES;
				CLANG_WARN_OBJC_ROOT_CLASS = YES_ERROR;
				CLANG_WARN_QUOTED_INCLUDE_IN_FRAMEWORK_HEADER = YES;
				CLANG_WARN_RANGE_LOOP_ANALYSIS = YES;
				CLANG_WARN_STRICT_PROTOTYPES = YES;
				CLANG_WARN_SUSPICIOUS_MOVE = YES;
				CLANG_WARN_UNGUARDED_AVAILABILITY = YES_AGGRESSIVE;
				CLANG_WARN_UNREACHABLE_CODE = YES;
				CLANG_WARN__DUPLICATE_METHOD_MATCH = YES;
				COPY_PHASE_STRIP = NO;
				DEBUG_INFORMATION_FORMAT = dwarf;
				ENABLE_STRICT_OBJC_MSGSEND = YES;
				ENABLE_TESTABILITY = YES;
				GCC_C_LANGUAGE_STANDARD = gnu11;
				GCC_DYNAMIC_NO_PIC = NO;
				GCC_NO_COMMON_BLOCKS = YES;
				GCC_OPTIMIZATION_LEVEL = 0;
				GCC_PREPROCESSOR_DEFINITIONS = (
					"DEBUG=1",
					"$(inherited)",
				);
				GCC_WARN_64_TO_32_BIT_CONVERSION = YES;
				GCC_WARN_ABOUT_RETURN_TYPE = YES_ERROR;
				GCC_WARN_UNDECLARED_SELECTOR = YES;
				GCC_WARN_UNINITIALIZED_AUTOS = YES_AGGRESSIVE;
				GCC_WARN_UNUSED_FUNCTION = YES;
				GCC_WARN_UNUSED_VARIABLE = YES;
				IPHONEOS_DEPLOYMENT_TARGET = 16.2;
				MTL_ENABLE_DEBUG_INFO = INCLUDE_SOURCE;
				MTL_FAST_MATH = YES;
				ONLY_ACTIVE_ARCH = YES;
				SDKROOT = iphoneos;
				SWIFT_ACTIVE_COMPILATION_CONDITIONS = DEBUG;
				SWIFT_OPTIMIZATION_LEVEL = "-Onone";
			};
			name = Debug;
		};
		C9FF4A7D2B0BD4C500A50FE6 /* Release */ = {
			isa = XCBuildConfiguration;
			buildSettings = {
				ALWAYS_SEARCH_USER_PATHS = NO;
				CLANG_ANALYZER_NONNULL = YES;
				CLANG_ANALYZER_NUMBER_OBJECT_CONVERSION = YES_AGGRESSIVE;
				CLANG_CXX_LANGUAGE_STANDARD = "gnu++20";
				CLANG_ENABLE_MODULES = YES;
				CLANG_ENABLE_OBJC_ARC = YES;
				CLANG_ENABLE_OBJC_WEAK = YES;
				CLANG_WARN_BLOCK_CAPTURE_AUTORELEASING = YES;
				CLANG_WARN_BOOL_CONVERSION = YES;
				CLANG_WARN_COMMA = YES;
				CLANG_WARN_CONSTANT_CONVERSION = YES;
				CLANG_WARN_DEPRECATED_OBJC_IMPLEMENTATIONS = YES;
				CLANG_WARN_DIRECT_OBJC_ISA_USAGE = YES_ERROR;
				CLANG_WARN_DOCUMENTATION_COMMENTS = YES;
				CLANG_WARN_EMPTY_BODY = YES;
				CLANG_WARN_ENUM_CONVERSION = YES;
				CLANG_WARN_INFINITE_RECURSION = YES;
				CLANG_WARN_INT_CONVERSION = YES;
				CLANG_WARN_NON_LITERAL_NULL_CONVERSION = YES;
				CLANG_WARN_OBJC_IMPLICIT_RETAIN_SELF = YES;
				CLANG_WARN_OBJC_LITERAL_CONVERSION = YES;
				CLANG_WARN_OBJC_ROOT_CLASS = YES_ERROR;
				CLANG_WARN_QUOTED_INCLUDE_IN_FRAMEWORK_HEADER = YES;
				CLANG_WARN_RANGE_LOOP_ANALYSIS = YES;
				CLANG_WARN_STRICT_PROTOTYPES = YES;
				CLANG_WARN_SUSPICIOUS_MOVE = YES;
				CLANG_WARN_UNGUARDED_AVAILABILITY = YES_AGGRESSIVE;
				CLANG_WARN_UNREACHABLE_CODE = YES;
				CLANG_WARN__DUPLICATE_METHOD_MATCH = YES;
				COPY_PHASE_STRIP = NO;
				DEBUG_INFORMATION_FORMAT = "dwarf-with-dsym";
				ENABLE_NS_ASSERTIONS = NO;
				ENABLE_STRICT_OBJC_MSGSEND = YES;
				GCC_C_LANGUAGE_STANDARD = gnu11;
				GCC_NO_COMMON_BLOCKS = YES;
				GCC_WARN_64_TO_32_BIT_CONVERSION = YES;
				GCC_WARN_ABOUT_RETURN_TYPE = YES_ERROR;
				GCC_WARN_UNDECLARED_SELECTOR = YES;
				GCC_WARN_UNINITIALIZED_AUTOS = YES_AGGRESSIVE;
				GCC_WARN_UNUSED_FUNCTION = YES;
				GCC_WARN_UNUSED_VARIABLE = YES;
				IPHONEOS_DEPLOYMENT_TARGET = 16.2;
				MTL_ENABLE_DEBUG_INFO = NO;
				MTL_FAST_MATH = YES;
				SDKROOT = iphoneos;
				SWIFT_COMPILATION_MODE = wholemodule;
				SWIFT_OPTIMIZATION_LEVEL = "-O";
				VALIDATE_PRODUCT = YES;
			};
			name = Release;
		};
		C9FF4A7F2B0BD4C500A50FE6 /* Debug */ = {
			isa = XCBuildConfiguration;
			buildSettings = {
				ASSETCATALOG_COMPILER_APPICON_NAME = AppIcon;
				ASSETCATALOG_COMPILER_GLOBAL_ACCENT_COLOR_NAME = AccentColor;
				CODE_SIGN_STYLE = Automatic;
				CURRENT_PROJECT_VERSION = 1;
				DEVELOPMENT_ASSET_PATHS = "\"vai_chover/Preview Content\"";
				DEVELOPMENT_TEAM = 5G3XZ9RDVZ;
				ENABLE_PREVIEWS = YES;
				GENERATE_INFOPLIST_FILE = YES;
				INFOPLIST_KEY_NSLocationWhenInUseUsageDescription = "Queremos usar sua localização para fornecer informações meteorológicas personalizadas.";
				INFOPLIST_KEY_UIApplicationSceneManifest_Generation = YES;
				INFOPLIST_KEY_UIApplicationSupportsIndirectInputEvents = YES;
				INFOPLIST_KEY_UILaunchScreen_Generation = YES;
				INFOPLIST_KEY_UISupportedInterfaceOrientations = "UIInterfaceOrientationLandscapeRight UIInterfaceOrientationPortrait";
				IPHONEOS_DEPLOYMENT_TARGET = 16.2;
				LD_RUNPATH_SEARCH_PATHS = (
					"$(inherited)",
					"@executable_path/Frameworks",
				);
				MARKETING_VERSION = 1.0;
				PRODUCT_BUNDLE_IDENTIFIER = "com.marcylene.vai-chover";
				PRODUCT_NAME = "$(TARGET_NAME)";
				SUPPORTED_PLATFORMS = "iphoneos iphonesimulator";
				SUPPORTS_MACCATALYST = NO;
				SUPPORTS_MAC_DESIGNED_FOR_IPHONE_IPAD = NO;
				SWIFT_EMIT_LOC_STRINGS = YES;
				SWIFT_VERSION = 5.0;
				TARGETED_DEVICE_FAMILY = "1,2";
			};
			name = Debug;
		};
		C9FF4A802B0BD4C500A50FE6 /* Release */ = {
			isa = XCBuildConfiguration;
			buildSettings = {
				ASSETCATALOG_COMPILER_APPICON_NAME = AppIcon;
				ASSETCATALOG_COMPILER_GLOBAL_ACCENT_COLOR_NAME = AccentColor;
				CODE_SIGN_STYLE = Automatic;
				CURRENT_PROJECT_VERSION = 1;
				DEVELOPMENT_ASSET_PATHS = "\"vai_chover/Preview Content\"";
				DEVELOPMENT_TEAM = 5G3XZ9RDVZ;
				ENABLE_PREVIEWS = YES;
				GENERATE_INFOPLIST_FILE = YES;
				INFOPLIST_KEY_NSLocationWhenInUseUsageDescription = "Queremos usar sua localização para fornecer informações meteorológicas personalizadas.";
				INFOPLIST_KEY_UIApplicationSceneManifest_Generation = YES;
				INFOPLIST_KEY_UIApplicationSupportsIndirectInputEvents = YES;
				INFOPLIST_KEY_UILaunchScreen_Generation = YES;
				INFOPLIST_KEY_UISupportedInterfaceOrientations = "UIInterfaceOrientationLandscapeRight UIInterfaceOrientationPortrait";
				IPHONEOS_DEPLOYMENT_TARGET = 16.2;
				LD_RUNPATH_SEARCH_PATHS = (
					"$(inherited)",
					"@executable_path/Frameworks",
				);
				MARKETING_VERSION = 1.0;
				PRODUCT_BUNDLE_IDENTIFIER = "com.marcylene.vai-chover";
				PRODUCT_NAME = "$(TARGET_NAME)";
				SUPPORTED_PLATFORMS = "iphoneos iphonesimulator";
				SUPPORTS_MACCATALYST = NO;
				SUPPORTS_MAC_DESIGNED_FOR_IPHONE_IPAD = NO;
				SWIFT_EMIT_LOC_STRINGS = YES;
				SWIFT_VERSION = 5.0;
				TARGETED_DEVICE_FAMILY = "1,2";
			};
			name = Release;
		};
/* End XCBuildConfiguration section */

/* Begin XCConfigurationList section */
		C9FF4A6B2B0BD4BF00A50FE6 /* Build configuration list for PBXProject "vai_chover" */ = {
			isa = XCConfigurationList;
			buildConfigurations = (
				C9FF4A7C2B0BD4C500A50FE6 /* Debug */,
				C9FF4A7D2B0BD4C500A50FE6 /* Release */,
			);
			defaultConfigurationIsVisible = 0;
			defaultConfigurationName = Release;
		};
		C9FF4A7E2B0BD4C500A50FE6 /* Build configuration list for PBXNativeTarget "vai_chover" */ = {
			isa = XCConfigurationList;
			buildConfigurations = (
				C9FF4A7F2B0BD4C500A50FE6 /* Debug */,
				C9FF4A802B0BD4C500A50FE6 /* Release */,
			);
			defaultConfigurationIsVisible = 0;
			defaultConfigurationName = Release;
		};
/* End XCConfigurationList section */

/* Begin XCRemoteSwiftPackageReference section */
		C94BC2BE2B128EC700A9D03E /* XCRemoteSwiftPackageReference "Moya" */ = {
			isa = XCRemoteSwiftPackageReference;
			repositoryURL = "https://github.com/Moya/Moya.git";
			requirement = {
				kind = exactVersion;
				version = 13.0.0;
			};
		};
/* End XCRemoteSwiftPackageReference section */

/* Begin XCSwiftPackageProductDependency section */
		C94BC2BF2B128EC700A9D03E /* Moya */ = {
			isa = XCSwiftPackageProductDependency;
			package = C94BC2BE2B128EC700A9D03E /* XCRemoteSwiftPackageReference "Moya" */;
			productName = Moya;
		};
/* End XCSwiftPackageProductDependency section */
	};
	rootObject = C9FF4A682B0BD4BF00A50FE6 /* Project object */;
}
